
Microsoft Visual Studio Solution File, Format Version 12.00
# Visual Studio 15
Project("{FAE04EC0-301F-11D3-BF4B-00C04F79EFBC}") = "Assembly-CSharp", "Assembly-CSharp.csproj", "{2744BB6F-C669-6BD4-9538-D49AE71A6780}"
EndProject
Project("{FAE04EC0-301F-11D3-BF4B-00C04F79EFBC}") = "Unity.2D.Tilemap.Extras", "Unity.2D.Tilemap.Extras.csproj", "{43CB5553-CEFC-42B5-4CF5-2AF22FF3F3D3}"
EndProject
Project("{FAE04EC0-301F-11D3-BF4B-00C04F79EFBC}") = "Unity.2D.Tilemap.Extras.Editor", "Unity.2D.Tilemap.Extras.Editor.csproj", "{752C5CE1-F45D-E5BC-67B4-B468DB8A90D4}"
EndProject
Project("{FAE04EC0-301F-11D3-BF4B-00C04F79EFBC}") = "Unity.2D.Tilemap.Extras.Placeholder.EditorTests", "Unity.2D.Tilemap.Extras.Placeholder.EditorTests.csproj", "{942ABEF0-029E-4F9A-816F-00E2CFA130B5}"
EndProject
Global
	GlobalSection(SolutionConfigurationPlatforms) = preSolution
		Debug|Any CPU = Debug|Any CPU
		Release|Any CPU = Release|Any CPU
	EndGlobalSection
	GlobalSection(ProjectConfigurationPlatforms) = postSolution
		{2744BB6F-C669-6BD4-9538-D49AE71A6780}.Debug|Any CPU.ActiveCfg = Debug|Any CPU
		{2744BB6F-C669-6BD4-9538-D49AE71A6780}.Debug|Any CPU.Build.0 = Debug|Any CPU
		{2744BB6F-C669-6BD4-9538-D49AE71A6780}.Release|Any CPU.ActiveCfg = Release|Any CPU
		{2744BB6F-C669-6BD4-9538-D49AE71A6780}.Release|Any CPU.Build.0 = Release|Any CPU
		{43CB5553-CEFC-42B5-4CF5-2AF22FF3F3D3}.Debug|Any CPU.ActiveCfg = Debug|Any CPU
		{43CB5553-CEFC-42B5-4CF5-2AF22FF3F3D3}.Debug|Any CPU.Build.0 = Debug|Any CPU
		{43CB5553-CEFC-42B5-4CF5-2AF22FF3F3D3}.Release|Any CPU.ActiveCfg = Release|Any CPU
		{43CB5553-CEFC-42B5-4CF5-2AF22FF3F3D3}.Release|Any CPU.Build.0 = Release|Any CPU
		{752C5CE1-F45D-E5BC-67B4-B468DB8A90D4}.Debug|Any CPU.ActiveCfg = Debug|Any CPU
		{752C5CE1-F45D-E5BC-67B4-B468DB8A90D4}.Debug|Any CPU.Build.0 = Debug|Any CPU
		{752C5CE1-F45D-E5BC-67B4-B468DB8A90D4}.Release|Any CPU.ActiveCfg = Release|Any CPU
		{752C5CE1-F45D-E5BC-67B4-B468DB8A90D4}.Release|Any CPU.Build.0 = Release|Any CPU
		{942ABEF0-029E-4F9A-816F-00E2CFA130B5}.Debug|Any CPU.ActiveCfg = Debug|Any CPU
		{942ABEF0-029E-4F9A-816F-00E2CFA130B5}.Debug|Any CPU.Build.0 = Debug|Any CPU
		{942ABEF0-029E-4F9A-816F-00E2CFA130B5}.Release|Any CPU.ActiveCfg = Release|Any CPU
		{942ABEF0-029E-4F9A-816F-00E2CFA130B5}.Release|Any CPU.Build.0 = Release|Any CPU
	EndGlobalSection
	GlobalSection(SolutionProperties) = preSolution
		HideSolutionNode = FALSE
	EndGlobalSection
EndGlobal
